
Microsoft Visual Studio Solution File, Format Version 12.00
# Visual Studio Version 17
VisualStudioVersion = 17.14.37314.3
MinimumVisualStudioVersion = 10.0.40219.1
Project("{FAE04EC0-301F-11D3-BF4B-00C04F79EFBC}") = "SoftwareEngineeringPractice", "SoftwareEngineeringPractice\SoftwareEngineeringPractice.csproj", "{C85B705F-0069-4BAA-9F41-D25CB4ED96C7}"
EndProject
Project("{FAE04EC0-301F-11D3-BF4B-00C04F79EFBC}") = "MaskMap.Api", "MaskMap.Api\MaskMap.Api.csproj", "{FC585188-8EE2-463E-A2A9-E674BFF78D79}"
EndProject
Project("{FAE04EC0-301F-11D3-BF4B-00C04F79EFBC}") = "MaskMap.AcceptanceTests", "MaskMap.AcceptanceTests\MaskMap.AcceptanceTests.csproj", "{B4EF29A3-3C8C-41F8-BA80-69E0F6DB1E2A}"
EndProject
Project("{FAE04EC0-301F-11D3-BF4B-00C04F79EFBC}") = "MaskMap.LoadTests", "MaskMap.LoadTests\MaskMap.LoadTests.csproj", "{6C238546-9B27-4CDF-976B-45EF92A4AC8C}"
EndProject
Global
	GlobalSection(SolutionConfigurationPlatforms) = preSolution
		Debug|Any CPU = Debug|Any CPU
		Release|Any CPU = Release|Any CPU
	EndGlobalSection
	GlobalSection(ProjectConfigurationPlatforms) = postSolution
		{C85B705F-0069-4BAA-9F41-D25CB4ED96C7}.Debug|Any CPU.ActiveCfg = Debug|Any CPU
		{C85B705F-0069-4BAA-9F41-D25CB4ED96C7}.Debug|Any CPU.Build.0 = Debug|Any CPU
		{C85B705F-0069-4BAA-9F41-D25CB4ED96C7}.Release|Any CPU.ActiveCfg = Release|Any CPU
		{C85B705F-0069-4BAA-9F41-D25CB4ED96C7}.Release|Any CPU.Build.0 = Release|Any CPU
		{FC585188-8EE2-463E-A2A9-E674BFF78D79}.Debug|Any CPU.ActiveCfg = Debug|Any CPU
		{FC585188-8EE2-463E-A2A9-E674BFF78D79}.Debug|Any CPU.Build.0 = Debug|Any CPU
		{FC585188-8EE2-463E-A2A9-E674BFF78D79}.Release|Any CPU.ActiveCfg = Release|Any CPU
		{FC585188-8EE2-463E-A2A9-E674BFF78D79}.Release|Any CPU.Build.0 = Release|Any CPU
		{B4EF29A3-3C8C-41F8-BA80-69E0F6DB1E2A}.Debug|Any CPU.ActiveCfg = Debug|Any CPU
		{B4EF29A3-3C8C-41F8-BA80-69E0F6DB1E2A}.Debug|Any CPU.Build.0 = Debug|Any CPU
		{B4EF29A3-3C8C-41F8-BA80-69E0F6DB1E2A}.Release|Any CPU.ActiveCfg = Release|Any CPU
		{B4EF29A3-3C8C-41F8-BA80-69E0F6DB1E2A}.Release|Any CPU.Build.0 = Release|Any CPU
		{6C238546-9B27-4CDF-976B-45EF92A4AC8C}.Debug|Any CPU.ActiveCfg = Debug|Any CPU
		{6C238546-9B27-4CDF-976B-45EF92A4AC8C}.Debug|Any CPU.Build.0 = Debug|Any CPU
		{6C238546-9B27-4CDF-976B-45EF92A4AC8C}.Release|Any CPU.ActiveCfg = Release|Any CPU
		{6C238546-9B27-4CDF-976B-45EF92A4AC8C}.Release|Any CPU.Build.0 = Release|Any CPU
	EndGlobalSection
	GlobalSection(SolutionProperties) = preSolution
		HideSolutionNode = FALSE
	EndGlobalSection
	GlobalSection(ExtensibilityGlobals) = postSolution
		SolutionGuid = {5DFEEF66-A59B-448C-B067-D1EF655456A7}
	EndGlobalSection
EndGlobal
